{
  "name": "@hodgepodge-node/util",
  "version": "0.4.7",
  "lockfileVersion": 1,
  "requires": true,
  "dependencies": {
    "async": {
      "version": "3.1.0",
      "resolved": "https://registry.npmjs.org/async/-/async-3.1.0.tgz",
      "integrity": "sha512-4vx/aaY6j/j3Lw3fbCHNWP0pPaTCew3F6F3hYyl/tHs/ndmV1q7NW9T5yuJ2XAGwdQrP+6Wu20x06U4APo/iQQ=="
    },
    "konphyg": {
      "version": "1.5.0",
      "resolved": "https://registry.npmjs.org/konphyg/-/konphyg-1.5.0.tgz",
      "integrity": "sha512-vM8xFLf63ZuDaHn92bMiWRKMaPxTw5SzEkFjLCmXiAKSa6PG2qUi1xw/wi64X3JuIo+dk+lNjYd5xzfkCscT0g=="
    }
  }
}
