{
  "name": "@hodgepodge-node/util",
  "version": "0.4.10",
  "lockfileVersion": 1,
  "requires": true,
  "dependencies": {
    "async": {
      "version": "3.2.2",
      "resolved": "https://registry.npmjs.org/async/-/async-3.2.2.tgz",
      "integrity": "sha512-H0E+qZaDEfx/FY4t7iLRv1W2fFI6+pyCeTw1uN20AQPiwqwM6ojPxHxdLv4z8hi2DtnW9BOckSspLucW7pIE5g=="
    },
    "konphyg": {
      "version": "1.5.0",
      "resolved": "https://registry.npmjs.org/konphyg/-/konphyg-1.5.0.tgz",
      "integrity": "sha512-vM8xFLf63ZuDaHn92bMiWRKMaPxTw5SzEkFjLCmXiAKSa6PG2qUi1xw/wi64X3JuIo+dk+lNjYd5xzfkCscT0g=="
    }
  }
}
